
Microsoft Visual Studio Solution File, Format Version 12.00
# Visual Studio Version 16
VisualStudioVersion = 16.0.29409.12
MinimumVisualStudioVersion = 10.0.40219.1
Project("{FAE04EC0-301F-11D3-BF4B-00C04F79EFBC}") = "WindowsFormsApp11", "WindowsFormsApp11.csproj", "{7437A8E2-E3D8-4D0D-9E7E-29C03FA8DD04}"
EndProject
Global
	GlobalSection(SolutionConfigurationPlatforms) = preSolution
		Debug|Any CPU = Debug|Any CPU
		Release|Any CPU = Release|Any CPU
	EndGlobalSection
	GlobalSection(ProjectConfigurationPlatforms) = postSolution
		{7437A8E2-E3D8-4D0D-9E7E-29C03FA8DD04}.Debug|Any CPU.ActiveCfg = Debug|Any CPU
		{7437A8E2-E3D8-4D0D-9E7E-29C03FA8DD04}.Debug|Any CPU.Build.0 = Debug|Any CPU
		{7437A8E2-E3D8-4D0D-9E7E-29C03FA8DD04}.Release|Any CPU.ActiveCfg = Release|Any CPU
		{7437A8E2-E3D8-4D0D-9E7E-29C03FA8DD04}.Release|Any CPU.Build.0 = Release|Any CPU
	EndGlobalSection
	GlobalSection(SolutionProperties) = preSolution
		HideSolutionNode = FALSE
	EndGlobalSection
	GlobalSection(ExtensibilityGlobals) = postSolution
		SolutionGuid = {D906BDBE-4DC8-463B-B3CD-0938EF329FAA}
	EndGlobalSection
EndGlobal
